Microsoft Visual Studio Solution File, Format Version 12.00
# Visual Studio Version 17
VisualStudioVersion = 17.13.35818.85
MinimumVisualStudioVersion = 10.0.40219.1
Project("{FAE04EC0-301F-11D3-BF4B-00C04F79EFBC}") = "ID.HelloWordAspire.AppHost", "src\ID.HelloWordAspire.AppHost\ID.HelloWordAspire.AppHost.csproj", "{321A5280-3484-82C9-F408-1C4CD4781B39}"
EndProject
Project("{FAE04EC0-301F-11D3-BF4B-00C04F79EFBC}") = "ID.HelloWordAspire.ApiService", "src\ID.HelloWordAspire.ApiService\ID.HelloWordAspire.ApiService.csproj", "{EDB0E9D0-E107-CFBA-1CFE-DD34555EDD3B}"
EndProject
Project("{FAE04EC0-301F-11D3-BF4B-00C04F79EFBC}") = "ID.HelloWordAspire.ServiceDefaults", "src\ID.HelloWordAspire.ServiceDefaults\ID.HelloWordAspire.ServiceDefaults.csproj", "{680BCE45-1842-8143-1E72-903610DC95BD}"
EndProject
Project("{FAE04EC0-301F-11D3-BF4B-00C04F79EFBC}") = "ID.HelloWordAspire.Web", "src\ID.HelloWordAspire.Web\ID.HelloWordAspire.Web.csproj", "{B0DDA51D-D5F1-62D4-68B4-D5314068575C}"
EndProject
Project("{2150E333-8FDC-42A3-9474-1A3956D46DE8}") = "Tests", "Tests", "{02EA681E-C7D8-13C7-8484-4AC65E1B71E8}"
EndProject
Project("{FAE04EC0-301F-11D3-BF4B-00C04F79EFBC}") = "ID.HelloWordAspire.Tests", "tests\ID.HelloWordAspire.Tests\ID.HelloWordAspire.Tests.csproj", "{788E4BC3-E2D7-EEDD-C014-746AA5403C70}"
EndProject
Project("{2150E333-8FDC-42A3-9474-1A3956D46DE8}") = "Infra", "Infra", "{DEFE8280-4D86-4D9F-9B66-D4A521557684}"
EndProject
Project("{2150E333-8FDC-42A3-9474-1A3956D46DE8}") = "Backstage", "Backstage", "{F83B6614-EBBE-422E-BEA8-80547D58F838}"
	ProjectSection(SolutionItems) = preProject
		Api.yaml = Api.yaml
		System.yaml = System.yaml
		WebApp.yaml = WebApp.yaml
	EndProjectSection
EndProject
Global
	GlobalSection(SolutionConfigurationPlatforms) = preSolution
		Debug|Any CPU = Debug|Any CPU
		Release|Any CPU = Release|Any CPU
	EndGlobalSection
	GlobalSection(ProjectConfigurationPlatforms) = postSolution
		{321A5280-3484-82C9-F408-1C4CD4781B39}.Debug|Any CPU.ActiveCfg = Debug|Any CPU
		{321A5280-3484-82C9-F408-1C4CD4781B39}.Debug|Any CPU.Build.0 = Debug|Any CPU
		{321A5280-3484-82C9-F408-1C4CD4781B39}.Release|Any CPU.ActiveCfg = Release|Any CPU
		{321A5280-3484-82C9-F408-1C4CD4781B39}.Release|Any CPU.Build.0 = Release|Any CPU
		{EDB0E9D0-E107-CFBA-1CFE-DD34555EDD3B}.Debug|Any CPU.ActiveCfg = Debug|Any CPU
		{EDB0E9D0-E107-CFBA-1CFE-DD34555EDD3B}.Debug|Any CPU.Build.0 = Debug|Any CPU
		{EDB0E9D0-E107-CFBA-1CFE-DD34555EDD3B}.Release|Any CPU.ActiveCfg = Release|Any CPU
		{EDB0E9D0-E107-CFBA-1CFE-DD34555EDD3B}.Release|Any CPU.Build.0 = Release|Any CPU
		{680BCE45-1842-8143-1E72-903610DC95BD}.Debug|Any CPU.ActiveCfg = Debug|Any CPU
		{680BCE45-1842-8143-1E72-903610DC95BD}.Debug|Any CPU.Build.0 = Debug|Any CPU
		{680BCE45-1842-8143-1E72-903610DC95BD}.Release|Any CPU.ActiveCfg = Release|Any CPU
		{680BCE45-1842-8143-1E72-903610DC95BD}.Release|Any CPU.Build.0 = Release|Any CPU
		{B0DDA51D-D5F1-62D4-68B4-D5314068575C}.Debug|Any CPU.ActiveCfg = Debug|Any CPU
		{B0DDA51D-D5F1-62D4-68B4-D5314068575C}.Debug|Any CPU.Build.0 = Debug|Any CPU
		{B0DDA51D-D5F1-62D4-68B4-D5314068575C}.Release|Any CPU.ActiveCfg = Release|Any CPU
		{B0DDA51D-D5F1-62D4-68B4-D5314068575C}.Release|Any CPU.Build.0 = Release|Any CPU
		{788E4BC3-E2D7-EEDD-C014-746AA5403C70}.Debug|Any CPU.ActiveCfg = Debug|Any CPU
		{788E4BC3-E2D7-EEDD-C014-746AA5403C70}.Debug|Any CPU.Build.0 = Debug|Any CPU
		{788E4BC3-E2D7-EEDD-C014-746AA5403C70}.Release|Any CPU.ActiveCfg = Release|Any CPU
		{788E4BC3-E2D7-EEDD-C014-746AA5403C70}.Release|Any CPU.Build.0 = Release|Any CPU
	EndGlobalSection
	GlobalSection(SolutionProperties) = preSolution
		HideSolutionNode = FALSE
	EndGlobalSection
	GlobalSection(NestedProjects) = preSolution
		{788E4BC3-E2D7-EEDD-C014-746AA5403C70} = {02EA681E-C7D8-13C7-8484-4AC65E1B71E8}
		{F83B6614-EBBE-422E-BEA8-80547D58F838} = {DEFE8280-4D86-4D9F-9B66-D4A521557684}
	EndGlobalSection
	GlobalSection(ExtensibilityGlobals) = postSolution
		SolutionGuid = {FEDBC673-08B9-4866-81FC-4B67F92783C2}
	EndGlobalSection
EndGlobal
